// !$*UTF8*$!
{
	archiveVersion = 1;
	classes = {
	};
	objectVersion = 46;
	objects = {

/* Begin PBXBuildFile section */
		8C2A288914018EDA003D1CF1 /* ServerConnector.m in Sources */ = {isa = PBXBuildFile; fileRef = 8C2A288814018EDA003D1CF1 /* ServerConnector.m */; };
		8C2A288D14019034003D1CF1 /* ServerConnectorModel.m in Sources */ = {isa = PBXBuildFile; fileRef = 8C2A288C14019034003D1CF1 /* ServerConnectorModel.m */; };
		8C97521713F7266E0025EA43 /* server.png in Resources */ = {isa = PBXBuildFile; fileRef = 8C97521613F7266E0025EA43 /* server.png */; };
		8CAE4DFB13F55AC200E310BE /* PlistServerController.m in Sources */ = {isa = PBXBuildFile; fileRef = 8CAE4DF913F55AC200E310BE /* PlistServerController.m */; };
		8CAE4DFF13F55C4600E310BE /* DataParser.m in Sources */ = {isa = PBXBuildFile; fileRef = 8CAE4DFE13F55C4600E310BE /* DataParser.m */; };
		8CAE4E4513F55D5700E310BE /* NSObject+SBJson.m in Sources */ = {isa = PBXBuildFile; fileRef = 8CAE4E2D13F55D5700E310BE /* NSObject+SBJson.m */; };
		8CAE4E4613F55D5700E310BE /* SBJsonParser.m in Sources */ = {isa = PBXBuildFile; fileRef = 8CAE4E3013F55D5700E310BE /* SBJsonParser.m */; };
		8CAE4E4713F55D5700E310BE /* SBJsonStreamParser.m in Sources */ = {isa = PBXBuildFile; fileRef = 8CAE4E3213F55D5700E310BE /* SBJsonStreamParser.m */; };
		8CAE4E4813F55D5700E310BE /* SBJsonStreamParserAccumulator.m in Sources */ = {isa = PBXBuildFile; fileRef = 8CAE4E3413F55D5700E310BE /* SBJsonStreamParserAccumulator.m */; };
		8CAE4E4913F55D5700E310BE /* SBJsonStreamParserAdapter.m in Sources */ = {isa = PBXBuildFile; fileRef = 8CAE4E3613F55D5700E310BE /* SBJsonStreamParserAdapter.m */; };
		8CAE4E4A13F55D5700E310BE /* SBJsonStreamParserState.m in Sources */ = {isa = PBXBuildFile; fileRef = 8CAE4E3813F55D5700E310BE /* SBJsonStreamParserState.m */; };
		8CAE4E4B13F55D5700E310BE /* SBJsonStreamWriter.m in Sources */ = {isa = PBXBuildFile; fileRef = 8CAE4E3A13F55D5700E310BE /* SBJsonStreamWriter.m */; };
		8CAE4E4C13F55D5700E310BE /* SBJsonStreamWriterAccumulator.m in Sources */ = {isa = PBXBuildFile; fileRef = 8CAE4E3C13F55D5700E310BE /* SBJsonStreamWriterAccumulator.m */; };
		8CAE4E4D13F55D5700E310BE /* SBJsonStreamWriterState.m in Sources */ = {isa = PBXBuildFile; fileRef = 8CAE4E3E13F55D5700E310BE /* SBJsonStreamWriterState.m */; };
		8CAE4E4E13F55D5700E310BE /* SBJsonTokeniser.m in Sources */ = {isa = PBXBuildFile; fileRef = 8CAE4E4013F55D5700E310BE /* SBJsonTokeniser.m */; };
		8CAE4E4F13F55D5700E310BE /* SBJsonUTF8Stream.m in Sources */ = {isa = PBXBuildFile; fileRef = 8CAE4E4213F55D5700E310BE /* SBJsonUTF8Stream.m */; };
		8CAE4E5013F55D5700E310BE /* SBJsonWriter.m in Sources */ = {isa = PBXBuildFile; fileRef = 8CAE4E4413F55D5700E310BE /* SBJsonWriter.m */; };
		8CB09BE21401B87D0060551A /* ExternalSB_iPhone.storyboard in Resources */ = {isa = PBXBuildFile; fileRef = 8CB09BE11401B87D0060551A /* ExternalSB_iPhone.storyboard */; };
		8CB09BE61401B8D10060551A /* ExternalSB.m in Sources */ = {isa = PBXBuildFile; fileRef = 8CB09BE51401B8D10060551A /* ExternalSB.m */; };
		8CB368BC13F72F140024C418 /* DetailsViewController.m in Sources */ = {isa = PBXBuildFile; fileRef = 8CB368BB13F72F140024C418 /* DetailsViewController.m */; };
		8CDAD5FD13F56F570080B02F /* AddServerViewController.m in Sources */ = {isa = PBXBuildFile; fileRef = 8CDAD5FC13F56F570080B02F /* AddServerViewController.m */; };
		8CE4F47613F1C0230004B776 /* UIKit.framework in Frameworks */ = {isa = PBXBuildFile; fileRef = 8CE4F47513F1C0230004B776 /* UIKit.framework */; };
		8CE4F47813F1C0230004B776 /* Foundation.framework in Frameworks */ = {isa = PBXBuildFile; fileRef = 8CE4F47713F1C0230004B776 /* Foundation.framework */; };
		8CE4F47E13F1C0230004B776 /* InfoPlist.strings in Resources */ = {isa = PBXBuildFile; fileRef = 8CE4F47C13F1C0230004B776 /* InfoPlist.strings */; };
		8CE4F48013F1C0230004B776 /* main.m in Sources */ = {isa = PBXBuildFile; fileRef = 8CE4F47F13F1C0230004B776 /* main.m */; };
		8CE4F48413F1C0230004B776 /* AppDelegate.m in Sources */ = {isa = PBXBuildFile; fileRef = 8CE4F48313F1C0230004B776 /* AppDelegate.m */; };
		8CE4F48713F1C0230004B776 /* ServerConnector_iPhone.storyboard in Resources */ = {isa = PBXBuildFile; fileRef = 8CE4F48513F1C0230004B776 /* ServerConnector_iPhone.storyboard */; };
		8CE4F48A13F1C0230004B776 /* ServerConnector_iPad.storyboard in Resources */ = {isa = PBXBuildFile; fileRef = 8CE4F48813F1C0230004B776 /* ServerConnector_iPad.storyboard */; };
		8CE4F48D13F1C0230004B776 /* ViewController.m in Sources */ = {isa = PBXBuildFile; fileRef = 8CE4F48C13F1C0230004B776 /* ViewController.m */; };
		8CE4F49513F1C0240004B776 /* SenTestingKit.framework in Frameworks */ = {isa = PBXBuildFile; fileRef = 8CE4F49413F1C0240004B776 /* SenTestingKit.framework */; };
		8CE4F49613F1C0240004B776 /* UIKit.framework in Frameworks */ = {isa = PBXBuildFile; fileRef = 8CE4F47513F1C0230004B776 /* UIKit.framework */; };
		8CE4F49713F1C0240004B776 /* Foundation.framework in Frameworks */ = {isa = PBXBuildFile; fileRef = 8CE4F47713F1C0230004B776 /* Foundation.framework */; };
		8CE4F49F13F1C0240004B776 /* InfoPlist.strings in Resources */ = {isa = PBXBuildFile; fileRef = 8CE4F49D13F1C0240004B776 /* InfoPlist.strings */; };
		8CE4F4A213F1C0240004B776 /* ServerConnectorTests.m in Sources */ = {isa = PBXBuildFile; fileRef = 8CE4F4A113F1C0240004B776 /* ServerConnectorTests.m */; };
/* End PBXBuildFile section */

/* Begin PBXContainerItemProxy section */
		8CE4F49813F1C0240004B776 /* PBXContainerItemProxy */ = {
			isa = PBXContainerItemProxy;
			containerPortal = 8CE4F46813F1C0230004B776 /* Project object */;
			proxyType = 1;
			remoteGlobalIDString = 8CE4F47013F1C0230004B776;
			remoteInfo = ServerConnector;
		};
/* End PBXContainerItemProxy section */

/* Begin PBXFileReference section */
		8C2A288714018EDA003D1CF1 /* ServerConnector.h */ = {isa = PBXFileReference; fileEncoding = 4; lastKnownFileType = sourcecode.c.h; path = ServerConnector.h; sourceTree = "<group>"; };
		8C2A288814018EDA003D1CF1 /* ServerConnector.m */ = {isa = PBXFileReference; fileEncoding = 4; lastKnownFileType = sourcecode.c.objc; path = ServerConnector.m; sourceTree = "<group>"; };
		8C2A288B14019034003D1CF1 /* ServerConnectorModel.h */ = {isa = PBXFileReference; fileEncoding = 4; lastKnownFileType = sourcecode.c.h; path = ServerConnectorModel.h; sourceTree = "<group>"; };
		8C2A288C14019034003D1CF1 /* ServerConnectorModel.m */ = {isa = PBXFileReference; fileEncoding = 4; lastKnownFileType = sourcecode.c.objc; path = ServerConnectorModel.m; sourceTree = "<group>"; };
		8C97521613F7266E0025EA43 /* server.png */ = {isa = PBXFileReference; lastKnownFileType = image.png; path = server.png; sourceTree = "<group>"; };
		8CAE4DF813F55AC200E310BE /* PlistServerController.h */ = {isa = PBXFileReference; fileEncoding = 4; lastKnownFileType = sourcecode.c.h; path = PlistServerController.h; sourceTree = "<group>"; };
		8CAE4DF913F55AC200E310BE /* PlistServerController.m */ = {isa = PBXFileReference; fileEncoding = 4; lastKnownFileType = sourcecode.c.objc; path = PlistServerController.m; sourceTree = "<group>"; };
		8CAE4DFD13F55C4600E310BE /* DataParser.h */ = {isa = PBXFileReference; fileEncoding = 4; lastKnownFileType = sourcecode.c.h; path = DataParser.h; sourceTree = "<group>"; };
		8CAE4DFE13F55C4600E310BE /* DataParser.m */ = {isa = PBXFileReference; fileEncoding = 4; lastKnownFileType = sourcecode.c.objc; path = DataParser.m; sourceTree = "<group>"; };
		8CAE4E2C13F55D5700E310BE /* NSObject+SBJson.h */ = {isa = PBXFileReference; fileEncoding = 4; lastKnownFileType = sourcecode.c.h; path = "NSObject+SBJson.h"; sourceTree = "<group>"; };
		8CAE4E2D13F55D5700E310BE /* NSObject+SBJson.m */ = {isa = PBXFileReference; fileEncoding = 4; lastKnownFileType = sourcecode.c.objc; path = "NSObject+SBJson.m"; sourceTree = "<group>"; };
		8CAE4E2E13F55D5700E310BE /* SBJson.h */ = {isa = PBXFileReference; fileEncoding = 4; lastKnownFileType = sourcecode.c.h; path = SBJson.h; sourceTree = "<group>"; };
		8CAE4E2F13F55D5700E310BE /* SBJsonParser.h */ = {isa = PBXFileReference; fileEncoding = 4; lastKnownFileType = sourcecode.c.h; path = SBJsonParser.h; sourceTree = "<group>"; };
		8CAE4E3013F55D5700E310BE /* SBJsonParser.m */ = {isa = PBXFileReference; fileEncoding = 4; lastKnownFileType = sourcecode.c.objc; path = SBJsonParser.m; sourceTree = "<group>"; };
		8CAE4E3113F55D5700E310BE /* SBJsonStreamParser.h */ = {isa = PBXFileReference; fileEncoding = 4; lastKnownFileType = sourcecode.c.h; path = SBJsonStreamParser.h; sourceTree = "<group>"; };
		8CAE4E3213F55D5700E310BE /* SBJsonStreamParser.m */ = {isa = PBXFileReference; fileEncoding = 4; lastKnownFileType = sourcecode.c.objc; path = SBJsonStreamParser.m; sourceTree = "<group>"; };
		8CAE4E3313F55D5700E310BE /* SBJsonStreamParserAccumulator.h */ = {isa = PBXFileReference; fileEncoding = 4; lastKnownFileType = sourcecode.c.h; path = SBJsonStreamParserAccumulator.h; sourceTree = "<group>"; };
		8CAE4E3413F55D5700E310BE /* SBJsonStreamParserAccumulator.m */ = {isa = PBXFileReference; fileEncoding = 4; lastKnownFileType = sourcecode.c.objc; path = SBJsonStreamParserAccumulator.m; sourceTree = "<group>"; };
		8CAE4E3513F55D5700E310BE /* SBJsonStreamParserAdapter.h */ = {isa = PBXFileReference; fileEncoding = 4; lastKnownFileType = sourcecode.c.h; path = SBJsonStreamParserAdapter.h; sourceTree = "<group>"; };
		8CAE4E3613F55D5700E310BE /* SBJsonStreamParserAdapter.m */ = {isa = PBXFileReference; fileEncoding = 4; lastKnownFileType = sourcecode.c.objc; path = SBJsonStreamParserAdapter.m; sourceTree = "<group>"; };
		8CAE4E3713F55D5700E310BE /* SBJsonStreamParserState.h */ = {isa = PBXFileReference; fileEncoding = 4; lastKnownFileType = sourcecode.c.h; path = SBJsonStreamParserState.h; sourceTree = "<group>"; };
		8CAE4E3813F55D5700E310BE /* SBJsonStreamParserState.m */ = {isa = PBXFileReference; fileEncoding = 4; lastKnownFileType = sourcecode.c.objc; path = SBJsonStreamParserState.m; sourceTree = "<group>"; };
		8CAE4E3913F55D5700E310BE /* SBJsonStreamWriter.h */ = {isa = PBXFileReference; fileEncoding = 4; lastKnownFileType = sourcecode.c.h; path = SBJsonStreamWriter.h; sourceTree = "<group>"; };
		8CAE4E3A13F55D5700E310BE /* SBJsonStreamWriter.m */ = {isa = PBXFileReference; fileEncoding = 4; lastKnownFileType = sourcecode.c.objc; path = SBJsonStreamWriter.m; sourceTree = "<group>"; };
		8CAE4E3B13F55D5700E310BE /* SBJsonStreamWriterAccumulator.h */ = {isa = PBXFileReference; fileEncoding = 4; lastKnownFileType = sourcecode.c.h; path = SBJsonStreamWriterAccumulator.h; sourceTree = "<group>"; };
		8CAE4E3C13F55D5700E310BE /* SBJsonStreamWriterAccumulator.m */ = {isa = PBXFileReference; fileEncoding = 4; lastKnownFileType = sourcecode.c.objc; path = SBJsonStreamWriterAccumulator.m; sourceTree = "<group>"; };
		8CAE4E3D13F55D5700E310BE /* SBJsonStreamWriterState.h */ = {isa = PBXFileReference; fileEncoding = 4; lastKnownFileType = sourcecode.c.h; path = SBJsonStreamWriterState.h; sourceTree = "<group>"; };
		8CAE4E3E13F55D5700E310BE /* SBJsonStreamWriterState.m */ = {isa = PBXFileReference; fileEncoding = 4; lastKnownFileType = sourcecode.c.objc; path = SBJsonStreamWriterState.m; sourceTree = "<group>"; };
		8CAE4E3F13F55D5700E310BE /* SBJsonTokeniser.h */ = {isa = PBXFileReference; fileEncoding = 4; lastKnownFileType = sourcecode.c.h; path = SBJsonTokeniser.h; sourceTree = "<group>"; };
		8CAE4E4013F55D5700E310BE /* SBJsonTokeniser.m */ = {isa = PBXFileReference; fileEncoding = 4; lastKnownFileType = sourcecode.c.objc; path = SBJsonTokeniser.m; sourceTree = "<group>"; };
		8CAE4E4113F55D5700E310BE /* SBJsonUTF8Stream.h */ = {isa = PBXFileReference; fileEncoding = 4; lastKnownFileType = sourcecode.c.h; path = SBJsonUTF8Stream.h; sourceTree = "<group>"; };
		8CAE4E4213F55D5700E310BE /* SBJsonUTF8Stream.m */ = {isa = PBXFileReference; fileEncoding = 4; lastKnownFileType = sourcecode.c.objc; path = SBJsonUTF8Stream.m; sourceTree = "<group>"; };
		8CAE4E4313F55D5700E310BE /* SBJsonWriter.h */ = {isa = PBXFileReference; fileEncoding = 4; lastKnownFileType = sourcecode.c.h; path = SBJsonWriter.h; sourceTree = "<group>"; };
		8CAE4E4413F55D5700E310BE /* SBJsonWriter.m */ = {isa = PBXFileReference; fileEncoding = 4; lastKnownFileType = sourcecode.c.objc; path = SBJsonWriter.m; sourceTree = "<group>"; };
		8CB09BE11401B87D0060551A /* ExternalSB_iPhone.storyboard */ = {isa = PBXFileReference; lastKnownFileType = file.storyboard; path = ExternalSB_iPhone.storyboard; sourceTree = "<group>"; };
		8CB09BE41401B8D10060551A /* ExternalSB.h */ = {isa = PBXFileReference; fileEncoding = 4; lastKnownFileType = sourcecode.c.h; path = ExternalSB.h; sourceTree = "<group>"; };
		8CB09BE51401B8D10060551A /* ExternalSB.m */ = {isa = PBXFileReference; fileEncoding = 4; lastKnownFileType = sourcecode.c.objc; path = ExternalSB.m; sourceTree = "<group>"; };
		8CB368BA13F72F140024C418 /* DetailsViewController.h */ = {isa = PBXFileReference; fileEncoding = 4; lastKnownFileType = sourcecode.c.h; path = DetailsViewController.h; sourceTree = "<group>"; };
		8CB368BB13F72F140024C418 /* DetailsViewController.m */ = {isa = PBXFileReference; fileEncoding = 4; lastKnownFileType = sourcecode.c.objc; path = DetailsViewController.m; sourceTree = "<group>"; };
		8CDAD5FB13F56F570080B02F /* AddServerViewController.h */ = {isa = PBXFileReference; fileEncoding = 4; lastKnownFileType = sourcecode.c.h; path = AddServerViewController.h; sourceTree = "<group>"; };
		8CDAD5FC13F56F570080B02F /* AddServerViewController.m */ = {isa = PBXFileReference; fileEncoding = 4; lastKnownFileType = sourcecode.c.objc; path = AddServerViewController.m; sourceTree = "<group>"; };
		8CE4F47113F1C0230004B776 /* ServerConnector.app */ = {isa = PBXFileReference; explicitFileType = wrapper.application; includeInIndex = 0; path = ServerConnector.app; sourceTree = BUILT_PRODUCTS_DIR; };
		8CE4F47513F1C0230004B776 /* UIKit.framework */ = {isa = PBXFileReference; lastKnownFileType = wrapper.framework; name = UIKit.framework; path = System/Library/Frameworks/UIKit.framework; sourceTree = SDKROOT; };
		8CE4F47713F1C0230004B776 /* Foundation.framework */ = {isa = PBXFileReference; lastKnownFileType = wrapper.framework; name = Foundation.framework; path = System/Library/Frameworks/Foundation.framework; sourceTree = SDKROOT; };
		8CE4F47B13F1C0230004B776 /* ServerConnector-Info.plist */ = {isa = PBXFileReference; lastKnownFileType = text.plist.xml; path = "ServerConnector-Info.plist"; sourceTree = "<group>"; };
		8CE4F47D13F1C0230004B776 /* en */ = {isa = PBXFileReference; lastKnownFileType = text.plist.strings; name = en; path = en.lproj/InfoPlist.strings; sourceTree = "<group>"; };
		8CE4F47F13F1C0230004B776 /* main.m */ = {isa = PBXFileReference; lastKnownFileType = sourcecode.c.objc; path = main.m; sourceTree = "<group>"; };
		8CE4F48113F1C0230004B776 /* ServerConnector-Prefix.pch */ = {isa = PBXFileReference; lastKnownFileType = sourcecode.c.h; path = "ServerConnector-Prefix.pch"; sourceTree = "<group>"; };
		8CE4F48213F1C0230004B776 /* AppDelegate.h */ = {isa = PBXFileReference; lastKnownFileType = sourcecode.c.h; path = AppDelegate.h; sourceTree = "<group>"; };
		8CE4F48313F1C0230004B776 /* AppDelegate.m */ = {isa = PBXFileReference; lastKnownFileType = sourcecode.c.objc; path = AppDelegate.m; sourceTree = "<group>"; };
		8CE4F48613F1C0230004B776 /* en */ = {isa = PBXFileReference; lastKnownFileType = file.storyboard; name = en; path = en.lproj/ServerConnector_iPhone.storyboard; sourceTree = "<group>"; };
		8CE4F48913F1C0230004B776 /* en */ = {isa = PBXFileReference; lastKnownFileType = file.storyboard; name = en; path = en.lproj/ServerConnector_iPad.storyboard; sourceTree = "<group>"; };
		8CE4F48B13F1C0230004B776 /* ViewController.h */ = {isa = PBXFileReference; lastKnownFileType = sourcecode.c.h; path = ViewController.h; sourceTree = "<group>"; };
		8CE4F48C13F1C0230004B776 /* ViewController.m */ = {isa = PBXFileReference; lastKnownFileType = sourcecode.c.objc; path = ViewController.m; sourceTree = "<group>"; };
		8CE4F49313F1C0240004B776 /* ServerConnectorTests.octest */ = {isa = PBXFileReference; explicitFileType = wrapper.cfbundle; includeInIndex = 0; path = ServerConnectorTests.octest; sourceTree = BUILT_PRODUCTS_DIR; };
		8CE4F49413F1C0240004B776 /* SenTestingKit.framework */ = {isa = PBXFileReference; lastKnownFileType = wrapper.framework; name = SenTestingKit.framework; path = Library/Frameworks/SenTestingKit.framework; sourceTree = DEVELOPER_DIR; };
		8CE4F49C13F1C0240004B776 /* ServerConnectorTests-Info.plist */ = {isa = PBXFileReference; lastKnownFileType = text.plist.xml; path = "ServerConnectorTests-Info.plist"; sourceTree = "<group>"; };
		8CE4F49E13F1C0240004B776 /* en */ = {isa = PBXFileReference; lastKnownFileType = text.plist.strings; name = en; path = en.lproj/InfoPlist.strings; sourceTree = "<group>"; };
		8CE4F4A013F1C0240004B776 /* ServerConnectorTests.h */ = {isa = PBXFileReference; lastKnownFileType = sourcecode.c.h; path = ServerConnectorTests.h; sourceTree = "<group>"; };
		8CE4F4A113F1C0240004B776 /* ServerConnectorTests.m */ = {isa = PBXFileReference; lastKnownFileType = sourcecode.c.objc; path = ServerConnectorTests.m; sourceTree = "<group>"; };
/* End PBXFileReference section */

/* Begin PBXFrameworksBuildPhase section */
		8CE4F46E13F1C0230004B776 /* Frameworks */ = {
			isa = PBXFrameworksBuildPhase;
			buildActionMask = 2147483647;
			files = (
				8CE4F47613F1C0230004B776 /* UIKit.framework in Frameworks */,
				8CE4F47813F1C0230004B776 /* Foundation.framework in Frameworks */,
			);
			runOnlyForDeploymentPostprocessing = 0;
		};
		8CE4F48F13F1C0240004B776 /* Frameworks */ = {
			isa = PBXFrameworksBuildPhase;
			buildActionMask = 2147483647;
			files = (
				8CE4F49513F1C0240004B776 /* SenTestingKit.framework in Frameworks */,
				8CE4F49613F1C0240004B776 /* UIKit.framework in Frameworks */,
				8CE4F49713F1C0240004B776 /* Foundation.framework in Frameworks */,
			);
			runOnlyForDeploymentPostprocessing = 0;
		};
/* End PBXFrameworksBuildPhase section */

/* Begin PBXGroup section */
		8C265B9E1401B37A002B7FD3 /* Controllers */ = {
			isa = PBXGroup;
			children = (
				8CDAD5FB13F56F570080B02F /* AddServerViewController.h */,
				8CDAD5FC13F56F570080B02F /* AddServerViewController.m */,
				8CE4F48B13F1C0230004B776 /* ViewController.h */,
				8CE4F48C13F1C0230004B776 /* ViewController.m */,
				8CB368BA13F72F140024C418 /* DetailsViewController.h */,
				8CB368BB13F72F140024C418 /* DetailsViewController.m */,
				8CAE4DFD13F55C4600E310BE /* DataParser.h */,
				8CAE4DFE13F55C4600E310BE /* DataParser.m */,
				8CAE4DF813F55AC200E310BE /* PlistServerController.h */,
				8CAE4DF913F55AC200E310BE /* PlistServerController.m */,
			);
			name = Controllers;
			sourceTree = "<group>";
		};
		8C265BA01401B38F002B7FD3 /* Views */ = {
			isa = PBXGroup;
			children = (
				8CE4F48513F1C0230004B776 /* ServerConnector_iPhone.storyboard */,
				8CE4F48813F1C0230004B776 /* ServerConnector_iPad.storyboard */,
			);
			name = Views;
			sourceTree = "<group>";
		};
		8C265BA11401B3A7002B7FD3 /* Models */ = {
			isa = PBXGroup;
			children = (
				8C2A288B14019034003D1CF1 /* ServerConnectorModel.h */,
				8C2A288C14019034003D1CF1 /* ServerConnectorModel.m */,
			);
			name = Models;
			sourceTree = "<group>";
		};
		8C265BA21401B3BB002B7FD3 /* API */ = {
			isa = PBXGroup;
			children = (
				8C2A288714018EDA003D1CF1 /* ServerConnector.h */,
				8C2A288814018EDA003D1CF1 /* ServerConnector.m */,
			);
			name = API;
			sourceTree = "<group>";
		};
		8C97521213F7263B0025EA43 /* images */ = {
			isa = PBXGroup;
			children = (
				8C97521613F7266E0025EA43 /* server.png */,
			);
			name = images;
			sourceTree = "<group>";
		};
		8CAE4E2B13F55D5700E310BE /* Json */ = {
			isa = PBXGroup;
			children = (
				8CAE4E2C13F55D5700E310BE /* NSObject+SBJson.h */,
				8CAE4E2D13F55D5700E310BE /* NSObject+SBJson.m */,
				8CAE4E2E13F55D5700E310BE /* SBJson.h */,
				8CAE4E2F13F55D5700E310BE /* SBJsonParser.h */,
				8CAE4E3013F55D5700E310BE /* SBJsonParser.m */,
				8CAE4E3113F55D5700E310BE /* SBJsonStreamParser.h */,
				8CAE4E3213F55D5700E310BE /* SBJsonStreamParser.m */,
				8CAE4E3313F55D5700E310BE /* SBJsonStreamParserAccumulator.h */,
				8CAE4E3413F55D5700E310BE /* SBJsonStreamParserAccumulator.m */,
				8CAE4E3513F55D5700E310BE /* SBJsonStreamParserAdapter.h */,
				8CAE4E3613F55D5700E310BE /* SBJsonStreamParserAdapter.m */,
				8CAE4E3713F55D5700E310BE /* SBJsonStreamParserState.h */,
				8CAE4E3813F55D5700E310BE /* SBJsonStreamParserState.m */,
				8CAE4E3913F55D5700E310BE /* SBJsonStreamWriter.h */,
				8CAE4E3A13F55D5700E310BE /* SBJsonStreamWriter.m */,
				8CAE4E3B13F55D5700E310BE /* SBJsonStreamWriterAccumulator.h */,
				8CAE4E3C13F55D5700E310BE /* SBJsonStreamWriterAccumulator.m */,
				8CAE4E3D13F55D5700E310BE /* SBJsonStreamWriterState.h */,
				8CAE4E3E13F55D5700E310BE /* SBJsonStreamWriterState.m */,
				8CAE4E3F13F55D5700E310BE /* SBJsonTokeniser.h */,
				8CAE4E4013F55D5700E310BE /* SBJsonTokeniser.m */,
				8CAE4E4113F55D5700E310BE /* SBJsonUTF8Stream.h */,
				8CAE4E4213F55D5700E310BE /* SBJsonUTF8Stream.m */,
				8CAE4E4313F55D5700E310BE /* SBJsonWriter.h */,
				8CAE4E4413F55D5700E310BE /* SBJsonWriter.m */,
			);
			path = Json;
			sourceTree = "<group>";
		};
		8CE4F46613F1C0230004B776 = {
			isa = PBXGroup;
			children = (
				8CE4F47913F1C0230004B776 /* ServerConnector */,
				8CE4F47A13F1C0230004B776 /* Supporting Files */,
				8CE4F49A13F1C0240004B776 /* ServerConnectorTests */,
				8CE4F47413F1C0230004B776 /* Frameworks */,
				8CE4F47213F1C0230004B776 /* Products */,
			);
			sourceTree = "<group>";
		};
		8CE4F47213F1C0230004B776 /* Products */ = {
			isa = PBXGroup;
			children = (
				8CE4F47113F1C0230004B776 /* ServerConnector.app */,
				8CE4F49313F1C0240004B776 /* ServerConnectorTests.octest */,
			);
			name = Products;
			sourceTree = "<group>";
		};
		8CE4F47413F1C0230004B776 /* Frameworks */ = {
			isa = PBXGroup;
			children = (
				8CE4F47513F1C0230004B776 /* UIKit.framework */,
				8CE4F47713F1C0230004B776 /* Foundation.framework */,
				8CE4F49413F1C0240004B776 /* SenTestingKit.framework */,
			);
			name = Frameworks;
			sourceTree = "<group>";
		};
		8CE4F47913F1C0230004B776 /* ServerConnector */ = {
			isa = PBXGroup;
			children = (
				8C265BA21401B3BB002B7FD3 /* API */,
				8C265BA11401B3A7002B7FD3 /* Models */,
				8C265BA01401B38F002B7FD3 /* Views */,
				8C265B9E1401B37A002B7FD3 /* Controllers */,
			);
			path = ServerConnector;
			sourceTree = "<group>";
		};
		8CE4F47A13F1C0230004B776 /* Supporting Files */ = {
			isa = PBXGroup;
			children = (
				8CAE4E2B13F55D5700E310BE /* Json */,
				8CE4F48213F1C0230004B776 /* AppDelegate.h */,
				8CE4F48313F1C0230004B776 /* AppDelegate.m */,
				8C97521213F7263B0025EA43 /* images */,
				8CE4F47B13F1C0230004B776 /* ServerConnector-Info.plist */,
				8CB09BE11401B87D0060551A /* ExternalSB_iPhone.storyboard */,
				8CB09BE41401B8D10060551A /* ExternalSB.h */,
				8CB09BE51401B8D10060551A /* ExternalSB.m */,
				8CE4F47C13F1C0230004B776 /* InfoPlist.strings */,
				8CE4F47F13F1C0230004B776 /* main.m */,
				8CE4F48113F1C0230004B776 /* ServerConnector-Prefix.pch */,
			);
			name = "Supporting Files";
			path = ServerConnector;
			sourceTree = "<group>";
		};
		8CE4F49A13F1C0240004B776 /* ServerConnectorTests */ = {
			isa = PBXGroup;
			children = (
				8CE4F4A013F1C0240004B776 /* ServerConnectorTests.h */,
				8CE4F4A113F1C0240004B776 /* ServerConnectorTests.m */,
				8CE4F49B13F1C0240004B776 /* Supporting Files */,
			);
			path = ServerConnectorTests;
			sourceTree = "<group>";
		};
		8CE4F49B13F1C0240004B776 /* Supporting Files */ = {
			isa = PBXGroup;
			children = (
				8CE4F49C13F1C0240004B776 /* ServerConnectorTests-Info.plist */,
				8CE4F49D13F1C0240004B776 /* InfoPlist.strings */,
			);
			name = "Supporting Files";
			sourceTree = "<group>";
		};
/* End PBXGroup section */

/* Begin PBXNativeTarget section */
		8CE4F47013F1C0230004B776 /* ServerConnector */ = {
			isa = PBXNativeTarget;
			buildConfigurationList = 8CE4F4A513F1C0240004B776 /* Build configuration list for PBXNativeTarget "ServerConnector" */;
			buildPhases = (
				8CE4F46D13F1C0230004B776 /* Sources */,
				8CE4F46E13F1C0230004B776 /* Frameworks */,
				8CE4F46F13F1C0230004B776 /* Resources */,
			);
			buildRules = (
			);
			dependencies = (
			);
			name = ServerConnector;
			productName = ServerConnector;
			productReference = 8CE4F47113F1C0230004B776 /* ServerConnector.app */;
			productType = "com.apple.product-type.application";
		};
		8CE4F49213F1C0240004B776 /* ServerConnectorTests */ = {
			isa = PBXNativeTarget;
			buildConfigurationList = 8CE4F4A813F1C0240004B776 /* Build configuration list for PBXNativeTarget "ServerConnectorTests" */;
			buildPhases = (
				8CE4F48E13F1C0240004B776 /* Sources */,
				8CE4F48F13F1C0240004B776 /* Frameworks */,
				8CE4F49013F1C0240004B776 /* Resources */,
				8CE4F49113F1C0240004B776 /* ShellScript */,
			);
			buildRules = (
			);
			dependencies = (
				8CE4F49913F1C0240004B776 /* PBXTargetDependency */,
			);
			name = ServerConnectorTests;
			productName = ServerConnectorTests;
			productReference = 8CE4F49313F1C0240004B776 /* ServerConnectorTests.octest */;
			productType = "com.apple.product-type.bundle";
		};
/* End PBXNativeTarget section */

/* Begin PBXProject section */
		8CE4F46813F1C0230004B776 /* Project object */ = {
			isa = PBXProject;
			attributes = {
				LastUpgradeCheck = 0420;
			};
			buildConfigurationList = 8CE4F46B13F1C0230004B776 /* Build configuration list for PBXProject "ServerConnector" */;
			compatibilityVersion = "Xcode 3.2";
			developmentRegion = English;
			hasScannedForEncodings = 0;
			knownRegions = (
				en,
			);
			mainGroup = 8CE4F46613F1C0230004B776;
			productRefGroup = 8CE4F47213F1C0230004B776 /* Products */;
			projectDirPath = "";
			projectRoot = "";
			targets = (
				8CE4F47013F1C0230004B776 /* ServerConnector */,
				8CE4F49213F1C0240004B776 /* ServerConnectorTests */,
			);
		};
/* End PBXProject section */

/* Begin PBXResourcesBuildPhase section */
		8CE4F46F13F1C0230004B776 /* Resources */ = {
			isa = PBXResourcesBuildPhase;
			buildActionMask = 2147483647;
			files = (
				8CE4F47E13F1C0230004B776 /* InfoPlist.strings in Resources */,
				8CE4F48713F1C0230004B776 /* ServerConnector_iPhone.storyboard in Resources */,
				8CE4F48A13F1C0230004B776 /* ServerConnector_iPad.storyboard in Resources */,
				8C97521713F7266E0025EA43 /* server.png in Resources */,
				8CB09BE21401B87D0060551A /* ExternalSB_iPhone.storyboard in Resources */,
			);
			runOnlyForDeploymentPostprocessing = 0;
		};
		8CE4F49013F1C0240004B776 /* Resources */ = {
			isa = PBXResourcesBuildPhase;
			buildActionMask = 2147483647;
			files = (
				8CE4F49F13F1C0240004B776 /* InfoPlist.strings in Resources */,
			);
			runOnlyForDeploymentPostprocessing = 0;
		};
/* End PBXResourcesBuildPhase section */

/* Begin PBXShellScriptBuildPhase section */
		8CE4F49113F1C0240004B776 /* ShellScript */ = {
			isa = PBXShellScriptBuildPhase;
			buildActionMask = 2147483647;
			files = (
			);
			inputPaths = (
			);
			outputPaths = (
			);
			runOnlyForDeploymentPostprocessing = 0;
			shellPath = /bin/sh;
			shellScript = "# Run the unit tests in this test bundle.\n\"${SYSTEM_DEVELOPER_DIR}/Tools/RunUnitTests\"\n";
		};
/* End PBXShellScriptBuildPhase section */

/* Begin PBXSourcesBuildPhase section */
		8CE4F46D13F1C0230004B776 /* Sources */ = {
			isa = PBXSourcesBuildPhase;
			buildActionMask = 2147483647;
			files = (
				8CE4F48013F1C0230004B776 /* main.m in Sources */,
				8CE4F48413F1C0230004B776 /* AppDelegate.m in Sources */,
				8CE4F48D13F1C0230004B776 /* ViewController.m in Sources */,
				8CAE4DFB13F55AC200E310BE /* PlistServerController.m in Sources */,
				8CAE4DFF13F55C4600E310BE /* DataParser.m in Sources */,
				8CAE4E4513F55D5700E310BE /* NSObject+SBJson.m in Sources */,
				8CAE4E4613F55D5700E310BE /* SBJsonParser.m in Sources */,
				8CAE4E4713F55D5700E310BE /* SBJsonStreamParser.m in Sources */,
				8CAE4E4813F55D5700E310BE /* SBJsonStreamParserAccumulator.m in Sources */,
				8CAE4E4913F55D5700E310BE /* SBJsonStreamParserAdapter.m in Sources */,
				8CAE4E4A13F55D5700E310BE /* SBJsonStreamParserState.m in Sources */,
				8CAE4E4B13F55D5700E310BE /* SBJsonStreamWriter.m in Sources */,
				8CAE4E4C13F55D5700E310BE /* SBJsonStreamWriterAccumulator.m in Sources */,
				8CAE4E4D13F55D5700E310BE /* SBJsonStreamWriterState.m in Sources */,
				8CAE4E4E13F55D5700E310BE /* SBJsonTokeniser.m in Sources */,
				8CAE4E4F13F55D5700E310BE /* SBJsonUTF8Stream.m in Sources */,
				8CAE4E5013F55D5700E310BE /* SBJsonWriter.m in Sources */,
				8CDAD5FD13F56F570080B02F /* AddServerViewController.m in Sources */,
				8CB368BC13F72F140024C418 /* DetailsViewController.m in Sources */,
				8C2A288914018EDA003D1CF1 /* ServerConnector.m in Sources */,
				8C2A288D14019034003D1CF1 /* ServerConnectorModel.m in Sources */,
				8CB09BE61401B8D10060551A /* ExternalSB.m in Sources */,
			);
			runOnlyForDeploymentPostprocessing = 0;
		};
		8CE4F48E13F1C0240004B776 /* Sources */ = {
			isa = PBXSourcesBuildPhase;
			buildActionMask = 2147483647;
			files = (
				8CE4F4A213F1C0240004B776 /* ServerConnectorTests.m in Sources */,
			);
			runOnlyForDeploymentPostprocessing = 0;
		};
/* End PBXSourcesBuildPhase section */

/* Begin PBXTargetDependency section */
		8CE4F49913F1C0240004B776 /* PBXTargetDependency */ = {
			isa = PBXTargetDependency;
			target = 8CE4F47013F1C0230004B776 /* ServerConnector */;
			targetProxy = 8CE4F49813F1C0240004B776 /* PBXContainerItemProxy */;
		};
/* End PBXTargetDependency section */

/* Begin PBXVariantGroup section */
		8CE4F47C13F1C0230004B776 /* InfoPlist.strings */ = {
			isa = PBXVariantGroup;
			children = (
				8CE4F47D13F1C0230004B776 /* en */,
			);
			name = InfoPlist.strings;
			sourceTree = "<group>";
		};
		8CE4F48513F1C0230004B776 /* ServerConnector_iPhone.storyboard */ = {
			isa = PBXVariantGroup;
			children = (
				8CE4F48613F1C0230004B776 /* en */,
			);
			name = ServerConnector_iPhone.storyboard;
			sourceTree = "<group>";
		};
		8CE4F48813F1C0230004B776 /* ServerConnector_iPad.storyboard */ = {
			isa = PBXVariantGroup;
			children = (
				8CE4F48913F1C0230004B776 /* en */,
			);
			name = ServerConnector_iPad.storyboard;
			sourceTree = "<group>";
		};
		8CE4F49D13F1C0240004B776 /* InfoPlist.strings */ = {
			isa = PBXVariantGroup;
			children = (
				8CE4F49E13F1C0240004B776 /* en */,
			);
			name = InfoPlist.strings;
			sourceTree = "<group>";
		};
/* End PBXVariantGroup section */

/* Begin XCBuildConfiguration section */
		8CE4F4A313F1C0240004B776 /* Debug */ = {
			isa = XCBuildConfiguration;
			buildSettings = {
				ALWAYS_SEARCH_USER_PATHS = NO;
				ARCHS = "$(ARCHS_STANDARD_32_BIT)";
				CLANG_ENABLE_OBJC_ARC = YES;
				"CODE_SIGN_IDENTITY[sdk=iphoneos*]" = "iPhone Developer";
				COPY_PHASE_STRIP = NO;
				GCC_C_LANGUAGE_STANDARD = gnu99;
				GCC_DYNAMIC_NO_PIC = NO;
				GCC_OPTIMIZATION_LEVEL = 0;
				GCC_PREPROCESSOR_DEFINITIONS = (
					"DEBUG=1",
					"$(inherited)",
				);
				GCC_SYMBOLS_PRIVATE_EXTERN = NO;
				GCC_VERSION = com.apple.compilers.llvm.clang.1_0;
				GCC_WARN_ABOUT_MISSING_PROTOTYPES = YES;
				GCC_WARN_ABOUT_RETURN_TYPE = YES;
				GCC_WARN_UNUSED_VARIABLE = YES;
				IPHONEOS_DEPLOYMENT_TARGET = 5.0;
				SDKROOT = iphoneos;
				TARGETED_DEVICE_FAMILY = "1,2";
			};
			name = Debug;
		};
		8CE4F4A413F1C0240004B776 /* Release */ = {
			isa = XCBuildConfiguration;
			buildSettings = {
				ALWAYS_SEARCH_USER_PATHS = NO;
				ARCHS = "$(ARCHS_STANDARD_32_BIT)";
				CLANG_ENABLE_OBJC_ARC = YES;
				"CODE_SIGN_IDENTITY[sdk=iphoneos*]" = "iPhone Developer";
				COPY_PHASE_STRIP = YES;
				GCC_C_LANGUAGE_STANDARD = gnu99;
				GCC_VERSION = com.apple.compilers.llvm.clang.1_0;
				GCC_WARN_ABOUT_MISSING_PROTOTYPES = YES;
				GCC_WARN_ABOUT_RETURN_TYPE = YES;
				GCC_WARN_UNUSED_VARIABLE = YES;
				IPHONEOS_DEPLOYMENT_TARGET = 5.0;
				OTHER_CFLAGS = "-DNS_BLOCK_ASSERTIONS=1";
				SDKROOT = iphoneos;
				TARGETED_DEVICE_FAMILY = "1,2";
				VALIDATE_PRODUCT = YES;
			};
			name = Release;
		};
		8CE4F4A613F1C0240004B776 /* Debug */ = {
			isa = XCBuildConfiguration;
			buildSettings = {
				GCC_PRECOMPILE_PREFIX_HEADER = YES;
				GCC_PREFIX_HEADER = "ServerConnector/ServerConnector-Prefix.pch";
				INFOPLIST_FILE = "ServerConnector/ServerConnector-Info.plist";
				PRODUCT_NAME = "$(TARGET_NAME)";
				WRAPPER_EXTENSION = app;
			};
			name = Debug;
		};
		8CE4F4A713F1C0240004B776 /* Release */ = {
			isa = XCBuildConfiguration;
			buildSettings = {
				GCC_PRECOMPILE_PREFIX_HEADER = YES;
				GCC_PREFIX_HEADER = "ServerConnector/ServerConnector-Prefix.pch";
				INFOPLIST_FILE = "ServerConnector/ServerConnector-Info.plist";
				PRODUCT_NAME = "$(TARGET_NAME)";
				WRAPPER_EXTENSION = app;
			};
			name = Release;
		};
		8CE4F4A913F1C0240004B776 /* Debug */ = {
			isa = XCBuildConfiguration;
			buildSettings = {
				BUNDLE_LOADER = "$(BUILT_PRODUCTS_DIR)/ServerConnector.app/ServerConnector";
				FRAMEWORK_SEARCH_PATHS = (
					"$(SDKROOT)/Developer/Library/Frameworks",
					"$(DEVELOPER_LIBRARY_DIR)/Frameworks",
				);
				GCC_PRECOMPILE_PREFIX_HEADER = YES;
				GCC_PREFIX_HEADER = "ServerConnector/ServerConnector-Prefix.pch";
				INFOPLIST_FILE = "ServerConnectorTests/ServerConnectorTests-Info.plist";
				PRODUCT_NAME = "$(TARGET_NAME)";
				TEST_HOST = "$(BUNDLE_LOADER)";
				WRAPPER_EXTENSION = octest;
			};
			name = Debug;
		};
		8CE4F4AA13F1C0240004B776 /* Release */ = {
			isa = XCBuildConfiguration;
			buildSettings = {
				BUNDLE_LOADER = "$(BUILT_PRODUCTS_DIR)/ServerConnector.app/ServerConnector";
				FRAMEWORK_SEARCH_PATHS = (
					"$(SDKROOT)/Developer/Library/Frameworks",
					"$(DEVELOPER_LIBRARY_DIR)/Frameworks",
				);
				GCC_PRECOMPILE_PREFIX_HEADER = YES;
				GCC_PREFIX_HEADER = "ServerConnector/ServerConnector-Prefix.pch";
				INFOPLIST_FILE = "ServerConnectorTests/ServerConnectorTests-Info.plist";
				PRODUCT_NAME = "$(TARGET_NAME)";
				TEST_HOST = "$(BUNDLE_LOADER)";
				WRAPPER_EXTENSION = octest;
			};
			name = Release;
		};
/* End XCBuildConfiguration section */

/* Begin XCConfigurationList section */
		8CE4F46B13F1C0230004B776 /* Build configuration list for PBXProject "ServerConnector" */ = {
			isa = XCConfigurationList;
			buildConfigurations = (
				8CE4F4A313F1C0240004B776 /* Debug */,
				8CE4F4A413F1C0240004B776 /* Release */,
			);
			defaultConfigurationIsVisible = 0;
			defaultConfigurationName = Release;
		};
		8CE4F4A513F1C0240004B776 /* Build configuration list for PBXNativeTarget "ServerConnector" */ = {
			isa = XCConfigurationList;
			buildConfigurations = (
				8CE4F4A613F1C0240004B776 /* Debug */,
				8CE4F4A713F1C0240004B776 /* Release */,
			);
			defaultConfigurationIsVisible = 0;
			defaultConfigurationName = Release;
		};
		8CE4F4A813F1C0240004B776 /* Build configuration list for PBXNativeTarget "ServerConnectorTests" */ = {
			isa = XCConfigurationList;
			buildConfigurations = (
				8CE4F4A913F1C0240004B776 /* Debug */,
				8CE4F4AA13F1C0240004B776 /* Release */,
			);
			defaultConfigurationIsVisible = 0;
			defaultConfigurationName = Release;
		};
/* End XCConfigurationList section */
	};
	rootObject = 8CE4F46813F1C0230004B776 /* Project object */;
}
